
Microsoft Visual Studio Solution File, Format Version 12.00
# Visual Studio 15
Project("{FAE04EC0-301F-11D3-BF4B-00C04F79EFBC}") = "Assembly-CSharp", "Assembly-CSharp.csproj", "{2CCBF77B-2583-9AFF-177B-DA8D4E70B94A}"
EndProject
Global
	GlobalSection(SolutionConfigurationPlatforms) = preSolution
		Debug|Any CPU = Debug|Any CPU
		Release|Any CPU = Release|Any CPU
	EndGlobalSection
	GlobalSection(ProjectConfigurationPlatforms) = postSolution
		{2CCBF77B-2583-9AFF-177B-DA8D4E70B94A}.Debug|Any CPU.ActiveCfg = Debug|Any CPU
		{2CCBF77B-2583-9AFF-177B-DA8D4E70B94A}.Debug|Any CPU.Build.0 = Debug|Any CPU
		{2CCBF77B-2583-9AFF-177B-DA8D4E70B94A}.Release|Any CPU.ActiveCfg = Release|Any CPU
		{2CCBF77B-2583-9AFF-177B-DA8D4E70B94A}.Release|Any CPU.Build.0 = Release|Any CPU
	EndGlobalSection
	GlobalSection(SolutionProperties) = preSolution
		HideSolutionNode = FALSE
	EndGlobalSection
EndGlobal
